
Microsoft Visual Studio Solution File, Format Version 12.00
# Visual Studio Version 17
VisualStudioVersion = 17.5.002.0
MinimumVisualStudioVersion = 10.0.40219.1
Project("{9A19103F-16F7-4668-BE54-9A1E7A4F7556}") = "LibraryManagementSystem", "LibraryManagementSystem\LibraryManagementSystem.csproj", "{00558E87-3946-4C4F-87CB-4A18A0FA2385}"
EndProject
Global
	GlobalSection(SolutionConfigurationPlatforms) = preSolution
		Debug|Any CPU = Debug|Any CPU
		Release|Any CPU = Release|Any CPU
	EndGlobalSection
	GlobalSection(ProjectConfigurationPlatforms) = postSolution
		{00558E87-3946-4C4F-87CB-4A18A0FA2385}.Debug|Any CPU.ActiveCfg = Debug|Any CPU
		{00558E87-3946-4C4F-87CB-4A18A0FA2385}.Debug|Any CPU.Build.0 = Debug|Any CPU
		{00558E87-3946-4C4F-87CB-4A18A0FA2385}.Release|Any CPU.ActiveCfg = Release|Any CPU
		{00558E87-3946-4C4F-87CB-4A18A0FA2385}.Release|Any CPU.Build.0 = Release|Any CPU
	EndGlobalSection
	GlobalSection(SolutionProperties) = preSolution
		HideSolutionNode = FALSE
	EndGlobalSection
	GlobalSection(ExtensibilityGlobals) = postSolution
		SolutionGuid = {EF577609-7EC1-4B0A-BB60-761E039B8F36}
	EndGlobalSection
EndGlobal
